
Microsoft Visual Studio Solution File, Format Version 12.00
Project("{FAE04EC0-301F-11D3-BF4B-00C04F79EFBC}") = "TestProject1", "TestProject1\TestProject1.csproj", "{6E8B2194-E46D-4E01-8999-04371762A2CE}"
EndProject
Project("{FAE04EC0-301F-11D3-BF4B-00C04F79EFBC}") = "EfCore", "EfCore\EfCore.csproj", "{5A770937-AE97-4F53-87A0-6F40FCDA0D5E}"
EndProject
Project("{FAE04EC0-301F-11D3-BF4B-00C04F79EFBC}") = "Api", "Api\Api.csproj", "{F745F3BF-939A-47E0-9534-A5B3D447A169}"
EndProject
Global
	GlobalSection(SolutionConfigurationPlatforms) = preSolution
		Debug|Any CPU = Debug|Any CPU
		Release|Any CPU = Release|Any CPU
	EndGlobalSection
	GlobalSection(ProjectConfigurationPlatforms) = postSolution
		{6E8B2194-E46D-4E01-8999-04371762A2CE}.Debug|Any CPU.ActiveCfg = Debug|Any CPU
		{6E8B2194-E46D-4E01-8999-04371762A2CE}.Debug|Any CPU.Build.0 = Debug|Any CPU
		{6E8B2194-E46D-4E01-8999-04371762A2CE}.Release|Any CPU.ActiveCfg = Release|Any CPU
		{6E8B2194-E46D-4E01-8999-04371762A2CE}.Release|Any CPU.Build.0 = Release|Any CPU
		{5A770937-AE97-4F53-87A0-6F40FCDA0D5E}.Debug|Any CPU.ActiveCfg = Debug|Any CPU
		{5A770937-AE97-4F53-87A0-6F40FCDA0D5E}.Debug|Any CPU.Build.0 = Debug|Any CPU
		{5A770937-AE97-4F53-87A0-6F40FCDA0D5E}.Release|Any CPU.ActiveCfg = Release|Any CPU
		{5A770937-AE97-4F53-87A0-6F40FCDA0D5E}.Release|Any CPU.Build.0 = Release|Any CPU
		{F745F3BF-939A-47E0-9534-A5B3D447A169}.Debug|Any CPU.ActiveCfg = Debug|Any CPU
		{F745F3BF-939A-47E0-9534-A5B3D447A169}.Debug|Any CPU.Build.0 = Debug|Any CPU
		{F745F3BF-939A-47E0-9534-A5B3D447A169}.Release|Any CPU.ActiveCfg = Release|Any CPU
		{F745F3BF-939A-47E0-9534-A5B3D447A169}.Release|Any CPU.Build.0 = Release|Any CPU
	EndGlobalSection
EndGlobal
